// !$*UTF8*$!
{
	archiveVersion = 1;
	classes = {
	};
	objectVersion = 50;
	objects = {

/* Begin PBXBuildFile section */
		619A9FFA255942AA00546EE2 /* 704. Binary Search.swift in Sources */ = {isa = PBXBuildFile; fileRef = 619A9FF9255942AA00546EE2 /* 704. Binary Search.swift */; };
		619A9FFD25595F5700546EE2 /* 74. Search a 2D Matrix.swift in Sources */ = {isa = PBXBuildFile; fileRef = 619A9FFC25595F5700546EE2 /* 74. Search a 2D Matrix.swift */; };
		61A9F16B2550F1F00022FE13 /* main.swift in Sources */ = {isa = PBXBuildFile; fileRef = 61A9F16A2550F1F00022FE13 /* main.swift */; };
		61A9F1722550F32A0022FE13 /* 11. Container With Most Water.swift in Sources */ = {isa = PBXBuildFile; fileRef = 61A9F1712550F32A0022FE13 /* 11. Container With Most Water.swift */; };
		61A9F17425512D860022FE13 /* 7. Reverse Integer.swift in Sources */ = {isa = PBXBuildFile; fileRef = 61A9F17325512D860022FE13 /* 7. Reverse Integer.swift */; };
		61A9F176255389AE0022FE13 /* 13. Roman to Integer.swift in Sources */ = {isa = PBXBuildFile; fileRef = 61A9F175255389AE0022FE13 /* 13. Roman to Integer.swift */; };
		CC61CE8B2555957400861E40 /* 912. Sort an Array.swift in Sources */ = {isa = PBXBuildFile; fileRef = CC61CE8A2555957400861E40 /* 912. Sort an Array.swift */; };
		CC9ADABE255EDC4F00BDD77B /* 206. Reverse Linked List.swift in Sources */ = {isa = PBXBuildFile; fileRef = CC9ADABD255EDC4F00BDD77B /* 206. Reverse Linked List.swift */; };
		CC9ADAC02562C1EB00BDD77B /* 1. Two Sum.swift in Sources */ = {isa = PBXBuildFile; fileRef = CC9ADABF2562C1EB00BDD77B /* 1. Two Sum.swift */; };
		CC9ADAC22564138000BDD77B /* 167. Two Sum II - Input array is sorted.swift in Sources */ = {isa = PBXBuildFile; fileRef = CC9ADAC12564138000BDD77B /* 167. Two Sum II - Input array is sorted.swift */; };
/* End PBXBuildFile section */

/* Begin PBXCopyFilesBuildPhase section */
		61A9F1652550F1F00022FE13 /* CopyFiles */ = {
			isa = PBXCopyFilesBuildPhase;
			buildActionMask = 2147483647;
			dstPath = /usr/share/man/man1/;
			dstSubfolderSpec = 0;
			files = (
			);
			runOnlyForDeploymentPostprocessing = 1;
		};
/* End PBXCopyFilesBuildPhase section */

/* Begin PBXFileReference section */
		619A9FF9255942AA00546EE2 /* 704. Binary Search.swift */ = {isa = PBXFileReference; lastKnownFileType = sourcecode.swift; path = "704. Binary Search.swift"; sourceTree = "<group>"; };
		619A9FFC25595F5700546EE2 /* 74. Search a 2D Matrix.swift */ = {isa = PBXFileReference; lastKnownFileType = sourcecode.swift; path = "74. Search a 2D Matrix.swift"; sourceTree = "<group>"; };
		61A9F1672550F1F00022FE13 /* AlgorithmPractice */ = {isa = PBXFileReference; explicitFileType = "compiled.mach-o.executable"; includeInIndex = 0; path = AlgorithmPractice; sourceTree = BUILT_PRODUCTS_DIR; };
		61A9F16A2550F1F00022FE13 /* main.swift */ = {isa = PBXFileReference; lastKnownFileType = sourcecode.swift; path = main.swift; sourceTree = "<group>"; };
		61A9F1712550F32A0022FE13 /* 11. Container With Most Water.swift */ = {isa = PBXFileReference; lastKnownFileType = sourcecode.swift; path = "11. Container With Most Water.swift"; sourceTree = "<group>"; };
		61A9F17325512D860022FE13 /* 7. Reverse Integer.swift */ = {isa = PBXFileReference; lastKnownFileType = sourcecode.swift; path = "7. Reverse Integer.swift"; sourceTree = "<group>"; };
		61A9F175255389AE0022FE13 /* 13. Roman to Integer.swift */ = {isa = PBXFileReference; lastKnownFileType = sourcecode.swift; path = "13. Roman to Integer.swift"; sourceTree = "<group>"; };
		CC61CE8A2555957400861E40 /* 912. Sort an Array.swift */ = {isa = PBXFileReference; lastKnownFileType = sourcecode.swift; path = "912. Sort an Array.swift"; sourceTree = "<group>"; };
		CC9ADABD255EDC4F00BDD77B /* 206. Reverse Linked List.swift */ = {isa = PBXFileReference; lastKnownFileType = sourcecode.swift; path = "206. Reverse Linked List.swift"; sourceTree = "<group>"; };
		CC9ADABF2562C1EB00BDD77B /* 1. Two Sum.swift */ = {isa = PBXFileReference; lastKnownFileType = sourcecode.swift; path = "1. Two Sum.swift"; sourceTree = "<group>"; };
		CC9ADAC12564138000BDD77B /* 167. Two Sum II - Input array is sorted.swift */ = {isa = PBXFileReference; lastKnownFileType = sourcecode.swift; path = "167. Two Sum II - Input array is sorted.swift"; sourceTree = "<group>"; };
/* End PBXFileReference section */

/* Begin PBXFrameworksBuildPhase section */
		61A9F1642550F1F00022FE13 /* Frameworks */ = {
			isa = PBXFrameworksBuildPhase;
			buildActionMask = 2147483647;
			files = (
			);
			runOnlyForDeploymentPostprocessing = 0;
		};
/* End PBXFrameworksBuildPhase section */

/* Begin PBXGroup section */
		61A9F15E2550F1F00022FE13 = {
			isa = PBXGroup;
			children = (
				61A9F1692550F1F00022FE13 /* AlgorithmPractice */,
				61A9F1682550F1F00022FE13 /* Products */,
			);
			sourceTree = "<group>";
		};
		61A9F1682550F1F00022FE13 /* Products */ = {
			isa = PBXGroup;
			children = (
				61A9F1672550F1F00022FE13 /* AlgorithmPractice */,
			);
			name = Products;
			sourceTree = "<group>";
		};
		61A9F1692550F1F00022FE13 /* AlgorithmPractice */ = {
			isa = PBXGroup;
			children = (
				61A9F16A2550F1F00022FE13 /* main.swift */,
				CC9ADABF2562C1EB00BDD77B /* 1. Two Sum.swift */,
				61A9F17325512D860022FE13 /* 7. Reverse Integer.swift */,
				61A9F1712550F32A0022FE13 /* 11. Container With Most Water.swift */,
				61A9F175255389AE0022FE13 /* 13. Roman to Integer.swift */,
				619A9FFC25595F5700546EE2 /* 74. Search a 2D Matrix.swift */,
				CC9ADAC12564138000BDD77B /* 167. Two Sum II - Input array is sorted.swift */,
				CC9ADABD255EDC4F00BDD77B /* 206. Reverse Linked List.swift */,
				619A9FF9255942AA00546EE2 /* 704. Binary Search.swift */,
				CC61CE8A2555957400861E40 /* 912. Sort an Array.swift */,
			);
			path = AlgorithmPractice;
			sourceTree = "<group>";
		};
/* End PBXGroup section */

/* Begin PBXNativeTarget section */
		61A9F1662550F1F00022FE13 /* AlgorithmPractice */ = {
			isa = PBXNativeTarget;
			buildConfigurationList = 61A9F16E2550F1F00022FE13 /* Build configuration list for PBXNativeTarget "AlgorithmPractice" */;
			buildPhases = (
				61A9F1632550F1F00022FE13 /* Sources */,
				61A9F1642550F1F00022FE13 /* Frameworks */,
				61A9F1652550F1F00022FE13 /* CopyFiles */,
			);
			buildRules = (
			);
			dependencies = (
			);
			name = AlgorithmPractice;
			productName = AlgorithmPractice;
			productReference = 61A9F1672550F1F00022FE13 /* AlgorithmPractice */;
			productType = "com.apple.product-type.tool";
		};
/* End PBXNativeTarget section */

/* Begin PBXProject section */
		61A9F15F2550F1F00022FE13 /* Project object */ = {
			isa = PBXProject;
			attributes = {
				LastSwiftUpdateCheck = 1150;
				LastUpgradeCheck = 1150;
				ORGANIZATIONNAME = szxy;
				TargetAttributes = {
					61A9F1662550F1F00022FE13 = {
						CreatedOnToolsVersion = 11.5;
					};
				};
			};
			buildConfigurationList = 61A9F1622550F1F00022FE13 /* Build configuration list for PBXProject "AlgorithmPractice" */;
			compatibilityVersion = "Xcode 9.3";
			developmentRegion = en;
			hasScannedForEncodings = 0;
			knownRegions = (
				en,
				Base,
			);
			mainGroup = 61A9F15E2550F1F00022FE13;
			productRefGroup = 61A9F1682550F1F00022FE13 /* Products */;
			projectDirPath = "";
			projectRoot = "";
			targets = (
				61A9F1662550F1F00022FE13 /* AlgorithmPractice */,
			);
		};
/* End PBXProject section */

/* Begin PBXSourcesBuildPhase section */
		61A9F1632550F1F00022FE13 /* Sources */ = {
			isa = PBXSourcesBuildPhase;
			buildActionMask = 2147483647;
			files = (
				619A9FFA255942AA00546EE2 /* 704. Binary Search.swift in Sources */,
				CC61CE8B2555957400861E40 /* 912. Sort an Array.swift in Sources */,
				61A9F16B2550F1F00022FE13 /* main.swift in Sources */,
				619A9FFD25595F5700546EE2 /* 74. Search a 2D Matrix.swift in Sources */,
				61A9F176255389AE0022FE13 /* 13. Roman to Integer.swift in Sources */,
				61A9F1722550F32A0022FE13 /* 11. Container With Most Water.swift in Sources */,
				CC9ADAC02562C1EB00BDD77B /* 1. Two Sum.swift in Sources */,
				CC9ADABE255EDC4F00BDD77B /* 206. Reverse Linked List.swift in Sources */,
				CC9ADAC22564138000BDD77B /* 167. Two Sum II - Input array is sorted.swift in Sources */,
				61A9F17425512D860022FE13 /* 7. Reverse Integer.swift in Sources */,
			);
			runOnlyForDeploymentPostprocessing = 0;
		};
/* End PBXSourcesBuildPhase section */

/* Begin XCBuildConfiguration section */
		61A9F16C2550F1F00022FE13 /* Debug */ = {
			isa = XCBuildConfiguration;
			buildSettings = {
				ALWAYS_SEARCH_USER_PATHS = NO;
				CLANG_ANALYZER_NONNULL = YES;
				CLANG_ANALYZER_NUMBER_OBJECT_CONVERSION = YES_AGGRESSIVE;
				CLANG_CXX_LANGUAGE_STANDARD = "gnu++14";
				CLANG_CXX_LIBRARY = "libc++";
				CLANG_ENABLE_MODULES = YES;
				CLANG_ENABLE_OBJC_ARC = YES;
				CLANG_ENABLE_OBJC_WEAK = YES;
				CLANG_WARN_BLOCK_CAPTURE_AUTORELEASING = YES;
				CLANG_WARN_BOOL_CONVERSION = YES;
				CLANG_WARN_COMMA = YES;
				CLANG_WARN_CONSTANT_CONVERSION = YES;
				CLANG_WARN_DEPRECATED_OBJC_IMPLEMENTATIONS = YES;
				CLANG_WARN_DIRECT_OBJC_ISA_USAGE = YES_ERROR;
				CLANG_WARN_DOCUMENTATION_COMMENTS = YES;
				CLANG_WARN_EMPTY_BODY = YES;
				CLANG_WARN_ENUM_CONVERSION = YES;
				CLANG_WARN_INFINITE_RECURSION = YES;
				CLANG_WARN_INT_CONVERSION = YES;
				CLANG_WARN_NON_LITERAL_NULL_CONVERSION = YES;
				CLANG_WARN_OBJC_IMPLICIT_RETAIN_SELF = YES;
				CLANG_WARN_OBJC_LITERAL_CONVERSION = YES;
				CLANG_WARN_OBJC_ROOT_CLASS = YES_ERROR;
				CLANG_WARN_RANGE_LOOP_ANALYSIS = YES;
				CLANG_WARN_STRICT_PROTOTYPES = YES;
				CLANG_WARN_SUSPICIOUS_MOVE = YES;
				CLANG_WARN_UNGUARDED_AVAILABILITY = YES_AGGRESSIVE;
				CLANG_WARN_UNREACHABLE_CODE = YES;
				CLANG_WARN__DUPLICATE_METHOD_MATCH = YES;
				COPY_PHASE_STRIP = NO;
				DEBUG_INFORMATION_FORMAT = dwarf;
				ENABLE_STRICT_OBJC_MSGSEND = YES;
				ENABLE_TESTABILITY = YES;
				GCC_C_LANGUAGE_STANDARD = gnu11;
				GCC_DYNAMIC_NO_PIC = NO;
				GCC_NO_COMMON_BLOCKS = YES;
				GCC_OPTIMIZATION_LEVEL = 0;
				GCC_PREPROCESSOR_DEFINITIONS = (
					"DEBUG=1",
					"$(inherited)",
				);
				GCC_WARN_64_TO_32_BIT_CONVERSION = YES;
				GCC_WARN_ABOUT_RETURN_TYPE = YES_ERROR;
				GCC_WARN_UNDECLARED_SELECTOR = YES;
				GCC_WARN_UNINITIALIZED_AUTOS = YES_AGGRESSIVE;
				GCC_WARN_UNUSED_FUNCTION = YES;
				GCC_WARN_UNUSED_VARIABLE = YES;
				MACOSX_DEPLOYMENT_TARGET = 10.15;
				MTL_ENABLE_DEBUG_INFO = INCLUDE_SOURCE;
				MTL_FAST_MATH = YES;
				ONLY_ACTIVE_ARCH = YES;
				SDKROOT = macosx;
				SWIFT_ACTIVE_COMPILATION_CONDITIONS = DEBUG;
				SWIFT_OPTIMIZATION_LEVEL = "-Onone";
			};
			name = Debug;
		};
		61A9F16D2550F1F00022FE13 /* Release */ = {
			isa = XCBuildConfiguration;
			buildSettings = {
				ALWAYS_SEARCH_USER_PATHS = NO;
				CLANG_ANALYZER_NONNULL = YES;
				CLANG_ANALYZER_NUMBER_OBJECT_CONVERSION = YES_AGGRESSIVE;
				CLANG_CXX_LANGUAGE_STANDARD = "gnu++14";
				CLANG_CXX_LIBRARY = "libc++";
				CLANG_ENABLE_MODULES = YES;
				CLANG_ENABLE_OBJC_ARC = YES;
				CLANG_ENABLE_OBJC_WEAK = YES;
				CLANG_WARN_BLOCK_CAPTURE_AUTORELEASING = YES;
				CLANG_WARN_BOOL_CONVERSION = YES;
				CLANG_WARN_COMMA = YES;
				CLANG_WARN_CONSTANT_CONVERSION = YES;
				CLANG_WARN_DEPRECATED_OBJC_IMPLEMENTATIONS = YES;
				CLANG_WARN_DIRECT_OBJC_ISA_USAGE = YES_ERROR;
				CLANG_WARN_DOCUMENTATION_COMMENTS = YES;
				CLANG_WARN_EMPTY_BODY = YES;
				CLANG_WARN_ENUM_CONVERSION = YES;
				CLANG_WARN_INFINITE_RECURSION = YES;
				CLANG_WARN_INT_CONVERSION = YES;
				CLANG_WARN_NON_LITERAL_NULL_CONVERSION = YES;
				CLANG_WARN_OBJC_IMPLICIT_RETAIN_SELF = YES;
				CLANG_WARN_OBJC_LITERAL_CONVERSION = YES;
				CLANG_WARN_OBJC_ROOT_CLASS = YES_ERROR;
				CLANG_WARN_RANGE_LOOP_ANALYSIS = YES;
				CLANG_WARN_STRICT_PROTOTYPES = YES;
				CLANG_WARN_SUSPICIOUS_MOVE = YES;
				CLANG_WARN_UNGUARDED_AVAILABILITY = YES_AGGRESSIVE;
				CLANG_WARN_UNREACHABLE_CODE = YES;
				CLANG_WARN__DUPLICATE_METHOD_MATCH = YES;
				COPY_PHASE_STRIP = NO;
				DEBUG_INFORMATION_FORMAT = "dwarf-with-dsym";
				ENABLE_NS_ASSERTIONS = NO;
				ENABLE_STRICT_OBJC_MSGSEND = YES;
				GCC_C_LANGUAGE_STANDARD = gnu11;
				GCC_NO_COMMON_BLOCKS = YES;
				GCC_WARN_64_TO_32_BIT_CONVERSION = YES;
				GCC_WARN_ABOUT_RETURN_TYPE = YES_ERROR;
				GCC_WARN_UNDECLARED_SELECTOR = YES;
				GCC_WARN_UNINITIALIZED_AUTOS = YES_AGGRESSIVE;
				GCC_WARN_UNUSED_FUNCTION = YES;
				GCC_WARN_UNUSED_VARIABLE = YES;
				MACOSX_DEPLOYMENT_TARGET = 10.15;
				MTL_ENABLE_DEBUG_INFO = NO;
				MTL_FAST_MATH = YES;
				SDKROOT = macosx;
				SWIFT_COMPILATION_MODE = wholemodule;
				SWIFT_OPTIMIZATION_LEVEL = "-O";
			};
			name = Release;
		};
		61A9F16F2550F1F00022FE13 /* Debug */ = {
			isa = XCBuildConfiguration;
			buildSettings = {
				CODE_SIGN_STYLE = Automatic;
				DEVELOPMENT_TEAM = 67HQS3X8GV;
				ENABLE_HARDENED_RUNTIME = YES;
				PRODUCT_NAME = "$(TARGET_NAME)";
				SWIFT_VERSION = 5.0;
			};
			name = Debug;
		};
		61A9F1702550F1F00022FE13 /* Release */ = {
			isa = XCBuildConfiguration;
			buildSettings = {
				CODE_SIGN_STYLE = Automatic;
				DEVELOPMENT_TEAM = 67HQS3X8GV;
				ENABLE_HARDENED_RUNTIME = YES;
				PRODUCT_NAME = "$(TARGET_NAME)";
				SWIFT_VERSION = 5.0;
			};
			name = Release;
		};
/* End XCBuildConfiguration section */

/* Begin XCConfigurationList section */
		61A9F1622550F1F00022FE13 /* Build configuration list for PBXProject "AlgorithmPractice" */ = {
			isa = XCConfigurationList;
			buildConfigurations = (
				61A9F16C2550F1F00022FE13 /* Debug */,
				61A9F16D2550F1F00022FE13 /* Release */,
			);
			defaultConfigurationIsVisible = 0;
			defaultConfigurationName = Release;
		};
		61A9F16E2550F1F00022FE13 /* Build configuration list for PBXNativeTarget "AlgorithmPractice" */ = {
			isa = XCConfigurationList;
			buildConfigurations = (
				61A9F16F2550F1F00022FE13 /* Debug */,
				61A9F1702550F1F00022FE13 /* Release */,
			);
			defaultConfigurationIsVisible = 0;
			defaultConfigurationName = Release;
		};
/* End XCConfigurationList section */
	};
	rootObject = 61A9F15F2550F1F00022FE13 /* Project object */;
}
